
Microsoft Visual Studio Solution File, Format Version 12.00
# Visual Studio Version 16
VisualStudioVersion = 16.0.30011.22
MinimumVisualStudioVersion = 10.0.40219.1
Project("{FAE04EC0-301F-11D3-BF4B-00C04F79EFBC}") = "Minecraft Server Hosting Tool", "Minecraft Server Hosting Tool\Minecraft Server Hosting Tool.csproj", "{C05C58FE-DC5A-4850-9CEC-E88E7730FAFF}"
EndProject
Global
	GlobalSection(SolutionConfigurationPlatforms) = preSolution
		Debug|Any CPU = Debug|Any CPU
		Release|Any CPU = Release|Any CPU
	EndGlobalSection
	GlobalSection(ProjectConfigurationPlatforms) = postSolution
		{C05C58FE-DC5A-4850-9CEC-E88E7730FAFF}.Debug|Any CPU.ActiveCfg = Debug|Any CPU
		{C05C58FE-DC5A-4850-9CEC-E88E7730FAFF}.Debug|Any CPU.Build.0 = Debug|Any CPU
		{C05C58FE-DC5A-4850-9CEC-E88E7730FAFF}.Release|Any CPU.ActiveCfg = Release|Any CPU
		{C05C58FE-DC5A-4850-9CEC-E88E7730FAFF}.Release|Any CPU.Build.0 = Release|Any CPU
	EndGlobalSection
	GlobalSection(SolutionProperties) = preSolution
		HideSolutionNode = FALSE
	EndGlobalSection
	GlobalSection(ExtensibilityGlobals) = postSolution
		SolutionGuid = {449A01C6-E946-4227-8300-46342998760E}
	EndGlobalSection
EndGlobal
